
Microsoft Visual Studio Solution File, Format Version 12.00
# Visual Studio Version 16
VisualStudioVersion = 16.0.33529.622
MinimumVisualStudioVersion = 10.0.40219.1
Project("{9A19103F-16F7-4668-BE54-9A1E7A4F7556}") = "SampleApp1", "SampleApp1\SampleApp1.csproj", "{2242DCB1-A88B-4BC4-8092-8B236026579D}"
EndProject
Project("{FAE04EC0-301F-11D3-BF4B-00C04F79EFBC}") = "SampleApp1.Cosmos", "SampleApp1.Cosmos\SampleApp1.Cosmos.csproj", "{8B900A7E-61FC-4865-9C23-F90838558CFE}"
EndProject
Global
	GlobalSection(SolutionConfigurationPlatforms) = preSolution
		Debug|Any CPU = Debug|Any CPU
		Release|Any CPU = Release|Any CPU
	EndGlobalSection
	GlobalSection(ProjectConfigurationPlatforms) = postSolution
		{2242DCB1-A88B-4BC4-8092-8B236026579D}.Debug|Any CPU.ActiveCfg = Debug|Any CPU
		{2242DCB1-A88B-4BC4-8092-8B236026579D}.Debug|Any CPU.Build.0 = Debug|Any CPU
		{2242DCB1-A88B-4BC4-8092-8B236026579D}.Release|Any CPU.ActiveCfg = Release|Any CPU
		{2242DCB1-A88B-4BC4-8092-8B236026579D}.Release|Any CPU.Build.0 = Release|Any CPU
		{8B900A7E-61FC-4865-9C23-F90838558CFE}.Debug|Any CPU.ActiveCfg = Debug|Any CPU
		{8B900A7E-61FC-4865-9C23-F90838558CFE}.Debug|Any CPU.Build.0 = Debug|Any CPU
		{8B900A7E-61FC-4865-9C23-F90838558CFE}.Release|Any CPU.ActiveCfg = Release|Any CPU
		{8B900A7E-61FC-4865-9C23-F90838558CFE}.Release|Any CPU.Build.0 = Release|Any CPU
	EndGlobalSection
	GlobalSection(SolutionProperties) = preSolution
		HideSolutionNode = FALSE
	EndGlobalSection
	GlobalSection(ExtensibilityGlobals) = postSolution
		SolutionGuid = {00DD2A9E-F9CA-4A4B-85A0-3F779E1F61A9}
	EndGlobalSection
EndGlobal
